
Microsoft Visual Studio Solution File, Format Version 12.00
# Visual Studio 14
VisualStudioVersion = 14.0.25420.1
MinimumVisualStudioVersion = 10.0.40219.1
Project("{2150E333-8FDC-42A3-9474-1A3956D46DE8}") = "UI", "UI", "{BDBD361B-F41C-4A10-BB45-D7A992D75937}"
EndProject
Project("{2150E333-8FDC-42A3-9474-1A3956D46DE8}") = "Logic", "Logic", "{CACA09C2-AABD-4701-9DF7-0D0DC406B2FC}"
EndProject
Project("{2150E333-8FDC-42A3-9474-1A3956D46DE8}") = "Data", "Data", "{311BE383-94B7-4243-B170-B406E147A0AF}"
EndProject
Project("{2150E333-8FDC-42A3-9474-1A3956D46DE8}") = "CrossCutting", "CrossCutting", "{4ECA0C34-0821-4249-9772-A1425E0726E5}"
EndProject
Project("{2150E333-8FDC-42A3-9474-1A3956D46DE8}") = "Tests", "Tests", "{870C01C4-2D03-4734-B6D2-9E60E0EAD9BB}"
EndProject
Project("{FAE04EC0-301F-11D3-BF4B-00C04F79EFBC}") = "ConsoleClient", "ConsoleClient\ConsoleClient.csproj", "{8D699C1F-0CD2-4482-A90F-0DE47EFC8179}"
EndProject
Project("{FAE04EC0-301F-11D3-BF4B-00C04F79EFBC}") = "EventAggregation", "EventAggregation\EventAggregation.csproj", "{35A7F5C2-5B6C-4FF9-A6BB-DD0B75E543E1}"
EndProject
Project("{FAE04EC0-301F-11D3-BF4B-00C04F79EFBC}") = "EventAggregation.Contract", "EventAggregation.Contract\EventAggregation.Contract.csproj", "{ACBED0D3-366D-4296-998B-2BAFA67C1E81}"
EndProject
Project("{FAE04EC0-301F-11D3-BF4B-00C04F79EFBC}") = "DataStoring.Contract", "DataStoring.Contract\DataStoring.Contract.csproj", "{E8097884-703F-4337-91D9-48252860C9FA}"
EndProject
Project("{FAE04EC0-301F-11D3-BF4B-00C04F79EFBC}") = "DataClasses", "DataClasses\DataClasses.csproj", "{8DAD510A-BF62-411E-908D-B2FB60B37DEC}"
EndProject
Project("{FAE04EC0-301F-11D3-BF4B-00C04F79EFBC}") = "DataStoring.CSV", "DataStoring.CSV\DataStoring.CSV.csproj", "{DB5266D8-2F43-4DC4-BF1F-6E31D4CEC56A}"
EndProject
Project("{FAE04EC0-301F-11D3-BF4B-00C04F79EFBC}") = "Configuration.InMemory", "Configuration.InMemory\Configuration.InMemory.csproj", "{68B74215-682F-474D-ABD4-73DDAA36C6F8}"
EndProject
Project("{FAE04EC0-301F-11D3-BF4B-00C04F79EFBC}") = "Configuration.Contracts", "Configuration.Contracts\Configuration.Contracts.csproj", "{062E43EF-740D-4129-9EA3-1DEB7136471F}"
EndProject
Project("{2150E333-8FDC-42A3-9474-1A3956D46DE8}") = "Infrastructure", "Infrastructure", "{D7581B81-C9EA-4B24-8065-85E04DAE0AF6}"
EndProject
Project("{FAE04EC0-301F-11D3-BF4B-00C04F79EFBC}") = "Mappings", "Mappings\Mappings.csproj", "{7D9ACBB5-285C-4BE2-B751-9EA1C05FCE07}"
EndProject
Project("{FAE04EC0-301F-11D3-BF4B-00C04F79EFBC}") = "PersonManagement", "PersonManagement\PersonManagement.csproj", "{B82D2814-4CB4-4CD2-AECB-023C7A6B8AE0}"
EndProject
Project("{FAE04EC0-301F-11D3-BF4B-00C04F79EFBC}") = "PersonManagement.Contract", "PersonManagement.Contract\PersonManagement.Contract.csproj", "{FF82AE5F-FF4A-46F7-8B04-E0A9B9DFFC56}"
EndProject
Project("{FAE04EC0-301F-11D3-BF4B-00C04F79EFBC}") = "Bootstrapper", "Bootstrapper\Bootstrapper.csproj", "{508B78EE-741C-4829-BEA0-7CA064817E00}"
EndProject
Project("{FAE04EC0-301F-11D3-BF4B-00C04F79EFBC}") = "Bootstrapper.Contract", "Bootstrapper.Contract\Bootstrapper.Contract.csproj", "{279FDF1E-34F5-426C-887F-62BAF45B4581}"
EndProject
Project("{FAE04EC0-301F-11D3-BF4B-00C04F79EFBC}") = "WpfClient", "WpfClient\WpfClient.csproj", "{E99337AF-EF51-41CF-AF2F-F915E47F43BC}"
EndProject
Global
	GlobalSection(SolutionConfigurationPlatforms) = preSolution
		Debug|Any CPU = Debug|Any CPU
		Release|Any CPU = Release|Any CPU
	EndGlobalSection
	GlobalSection(ProjectConfigurationPlatforms) = postSolution
		{8D699C1F-0CD2-4482-A90F-0DE47EFC8179}.Debug|Any CPU.ActiveCfg = Debug|Any CPU
		{8D699C1F-0CD2-4482-A90F-0DE47EFC8179}.Debug|Any CPU.Build.0 = Debug|Any CPU
		{8D699C1F-0CD2-4482-A90F-0DE47EFC8179}.Release|Any CPU.ActiveCfg = Release|Any CPU
		{8D699C1F-0CD2-4482-A90F-0DE47EFC8179}.Release|Any CPU.Build.0 = Release|Any CPU
		{35A7F5C2-5B6C-4FF9-A6BB-DD0B75E543E1}.Debug|Any CPU.ActiveCfg = Debug|Any CPU
		{35A7F5C2-5B6C-4FF9-A6BB-DD0B75E543E1}.Debug|Any CPU.Build.0 = Debug|Any CPU
		{35A7F5C2-5B6C-4FF9-A6BB-DD0B75E543E1}.Release|Any CPU.ActiveCfg = Release|Any CPU
		{35A7F5C2-5B6C-4FF9-A6BB-DD0B75E543E1}.Release|Any CPU.Build.0 = Release|Any CPU
		{ACBED0D3-366D-4296-998B-2BAFA67C1E81}.Debug|Any CPU.ActiveCfg = Debug|Any CPU
		{ACBED0D3-366D-4296-998B-2BAFA67C1E81}.Debug|Any CPU.Build.0 = Debug|Any CPU
		{ACBED0D3-366D-4296-998B-2BAFA67C1E81}.Release|Any CPU.ActiveCfg = Release|Any CPU
		{ACBED0D3-366D-4296-998B-2BAFA67C1E81}.Release|Any CPU.Build.0 = Release|Any CPU
		{E8097884-703F-4337-91D9-48252860C9FA}.Debug|Any CPU.ActiveCfg = Debug|Any CPU
		{E8097884-703F-4337-91D9-48252860C9FA}.Debug|Any CPU.Build.0 = Debug|Any CPU
		{E8097884-703F-4337-91D9-48252860C9FA}.Release|Any CPU.ActiveCfg = Release|Any CPU
		{E8097884-703F-4337-91D9-48252860C9FA}.Release|Any CPU.Build.0 = Release|Any CPU
		{8DAD510A-BF62-411E-908D-B2FB60B37DEC}.Debug|Any CPU.ActiveCfg = Debug|Any CPU
		{8DAD510A-BF62-411E-908D-B2FB60B37DEC}.Debug|Any CPU.Build.0 = Debug|Any CPU
		{8DAD510A-BF62-411E-908D-B2FB60B37DEC}.Release|Any CPU.ActiveCfg = Release|Any CPU
		{8DAD510A-BF62-411E-908D-B2FB60B37DEC}.Release|Any CPU.Build.0 = Release|Any CPU
		{DB5266D8-2F43-4DC4-BF1F-6E31D4CEC56A}.Debug|Any CPU.ActiveCfg = Debug|Any CPU
		{DB5266D8-2F43-4DC4-BF1F-6E31D4CEC56A}.Debug|Any CPU.Build.0 = Debug|Any CPU
		{DB5266D8-2F43-4DC4-BF1F-6E31D4CEC56A}.Release|Any CPU.ActiveCfg = Release|Any CPU
		{DB5266D8-2F43-4DC4-BF1F-6E31D4CEC56A}.Release|Any CPU.Build.0 = Release|Any CPU
		{68B74215-682F-474D-ABD4-73DDAA36C6F8}.Debug|Any CPU.ActiveCfg = Debug|Any CPU
		{68B74215-682F-474D-ABD4-73DDAA36C6F8}.Debug|Any CPU.Build.0 = Debug|Any CPU
		{68B74215-682F-474D-ABD4-73DDAA36C6F8}.Release|Any CPU.ActiveCfg = Release|Any CPU
		{68B74215-682F-474D-ABD4-73DDAA36C6F8}.Release|Any CPU.Build.0 = Release|Any CPU
		{062E43EF-740D-4129-9EA3-1DEB7136471F}.Debug|Any CPU.ActiveCfg = Debug|Any CPU
		{062E43EF-740D-4129-9EA3-1DEB7136471F}.Debug|Any CPU.Build.0 = Debug|Any CPU
		{062E43EF-740D-4129-9EA3-1DEB7136471F}.Release|Any CPU.ActiveCfg = Release|Any CPU
		{062E43EF-740D-4129-9EA3-1DEB7136471F}.Release|Any CPU.Build.0 = Release|Any CPU
		{7D9ACBB5-285C-4BE2-B751-9EA1C05FCE07}.Debug|Any CPU.ActiveCfg = Debug|Any CPU
		{7D9ACBB5-285C-4BE2-B751-9EA1C05FCE07}.Debug|Any CPU.Build.0 = Debug|Any CPU
		{7D9ACBB5-285C-4BE2-B751-9EA1C05FCE07}.Release|Any CPU.ActiveCfg = Release|Any CPU
		{7D9ACBB5-285C-4BE2-B751-9EA1C05FCE07}.Release|Any CPU.Build.0 = Release|Any CPU
		{B82D2814-4CB4-4CD2-AECB-023C7A6B8AE0}.Debug|Any CPU.ActiveCfg = Debug|Any CPU
		{B82D2814-4CB4-4CD2-AECB-023C7A6B8AE0}.Debug|Any CPU.Build.0 = Debug|Any CPU
		{B82D2814-4CB4-4CD2-AECB-023C7A6B8AE0}.Release|Any CPU.ActiveCfg = Release|Any CPU
		{B82D2814-4CB4-4CD2-AECB-023C7A6B8AE0}.Release|Any CPU.Build.0 = Release|Any CPU
		{FF82AE5F-FF4A-46F7-8B04-E0A9B9DFFC56}.Debug|Any CPU.ActiveCfg = Debug|Any CPU
		{FF82AE5F-FF4A-46F7-8B04-E0A9B9DFFC56}.Debug|Any CPU.Build.0 = Debug|Any CPU
		{FF82AE5F-FF4A-46F7-8B04-E0A9B9DFFC56}.Release|Any CPU.ActiveCfg = Release|Any CPU
		{FF82AE5F-FF4A-46F7-8B04-E0A9B9DFFC56}.Release|Any CPU.Build.0 = Release|Any CPU
		{508B78EE-741C-4829-BEA0-7CA064817E00}.Debug|Any CPU.ActiveCfg = Debug|Any CPU
		{508B78EE-741C-4829-BEA0-7CA064817E00}.Debug|Any CPU.Build.0 = Debug|Any CPU
		{508B78EE-741C-4829-BEA0-7CA064817E00}.Release|Any CPU.ActiveCfg = Release|Any CPU
		{508B78EE-741C-4829-BEA0-7CA064817E00}.Release|Any CPU.Build.0 = Release|Any CPU
		{279FDF1E-34F5-426C-887F-62BAF45B4581}.Debug|Any CPU.ActiveCfg = Debug|Any CPU
		{279FDF1E-34F5-426C-887F-62BAF45B4581}.Debug|Any CPU.Build.0 = Debug|Any CPU
		{279FDF1E-34F5-426C-887F-62BAF45B4581}.Release|Any CPU.ActiveCfg = Release|Any CPU
		{279FDF1E-34F5-426C-887F-62BAF45B4581}.Release|Any CPU.Build.0 = Release|Any CPU
		{E99337AF-EF51-41CF-AF2F-F915E47F43BC}.Debug|Any CPU.ActiveCfg = Debug|Any CPU
		{E99337AF-EF51-41CF-AF2F-F915E47F43BC}.Debug|Any CPU.Build.0 = Debug|Any CPU
		{E99337AF-EF51-41CF-AF2F-F915E47F43BC}.Release|Any CPU.ActiveCfg = Release|Any CPU
		{E99337AF-EF51-41CF-AF2F-F915E47F43BC}.Release|Any CPU.Build.0 = Release|Any CPU
	EndGlobalSection
	GlobalSection(SolutionProperties) = preSolution
		HideSolutionNode = FALSE
	EndGlobalSection
	GlobalSection(NestedProjects) = preSolution
		{8D699C1F-0CD2-4482-A90F-0DE47EFC8179} = {BDBD361B-F41C-4A10-BB45-D7A992D75937}
		{35A7F5C2-5B6C-4FF9-A6BB-DD0B75E543E1} = {4ECA0C34-0821-4249-9772-A1425E0726E5}
		{ACBED0D3-366D-4296-998B-2BAFA67C1E81} = {4ECA0C34-0821-4249-9772-A1425E0726E5}
		{E8097884-703F-4337-91D9-48252860C9FA} = {311BE383-94B7-4243-B170-B406E147A0AF}
		{8DAD510A-BF62-411E-908D-B2FB60B37DEC} = {4ECA0C34-0821-4249-9772-A1425E0726E5}
		{DB5266D8-2F43-4DC4-BF1F-6E31D4CEC56A} = {311BE383-94B7-4243-B170-B406E147A0AF}
		{68B74215-682F-474D-ABD4-73DDAA36C6F8} = {4ECA0C34-0821-4249-9772-A1425E0726E5}
		{062E43EF-740D-4129-9EA3-1DEB7136471F} = {4ECA0C34-0821-4249-9772-A1425E0726E5}
		{7D9ACBB5-285C-4BE2-B751-9EA1C05FCE07} = {D7581B81-C9EA-4B24-8065-85E04DAE0AF6}
		{B82D2814-4CB4-4CD2-AECB-023C7A6B8AE0} = {CACA09C2-AABD-4701-9DF7-0D0DC406B2FC}
		{FF82AE5F-FF4A-46F7-8B04-E0A9B9DFFC56} = {CACA09C2-AABD-4701-9DF7-0D0DC406B2FC}
		{508B78EE-741C-4829-BEA0-7CA064817E00} = {4ECA0C34-0821-4249-9772-A1425E0726E5}
		{279FDF1E-34F5-426C-887F-62BAF45B4581} = {4ECA0C34-0821-4249-9772-A1425E0726E5}
		{E99337AF-EF51-41CF-AF2F-F915E47F43BC} = {BDBD361B-F41C-4A10-BB45-D7A992D75937}
	EndGlobalSection
EndGlobal
